aiofiles==24.1.0
    # via -r backend/requirements.txt
aiosqlite==0.20.0
    # via -r backend/requirements.txt
alembic==1.14.0
    # via -r backend/requirements.txt
annotated-types==0.8.0
    # via pydantic
anthropic==0.46.0
    # via marker-pdf
anyio==4.14.2
    # via
    #   anthropic
    #   google-genai
    #   httpx
    #   mcp
    #   openai
    #   sse-starlette
    #   starlette
    #   watchfiles
attrs==26.1.0
    # via
    #   jsonschema
    #   referencing
av==18.1.0
    # via faster-whisper
beautifulsoup4==4.15.0
    # via
    #   -r backend/requirements.txt
    #   extract-msg
    #   markdownify
brotli==1.2.0 ; platform_python_implementation == 'CPython'
    # via fonttools
brotlicffi==1.2.0.1 ; platform_python_implementation != 'CPython'
    # via fonttools
certifi==2026.7.22
    # via
    #   httpcore
    #   httpx
    #   requests
cffi==2.1.1
    # via
    #   brotlicffi
    #   cryptography
    #   weasyprint
cfgv==3.5.0
    # via pre-commit
charset-normalizer==3.5.1
    # via
    #   -r backend/requirements.txt
    #   requests
click==8.4.2
    # via
    #   marker-pdf
    #   pdftext
    #   surya-ocr
    #   uvicorn
cobble==0.1.4
    # via mammoth
colorama==0.4.6 ; sys_platform == 'win32'
    # via
    #   click
    #   tqdm
    #   uvicorn
colorclass==2.2.2
    # via oletools
compressed-rtf==1.0.7
    # via extract-msg
cryptography==44.0.0
    # via
    #   -r backend/requirements.txt
    #   google-auth
    #   msoffcrypto-tool
    #   pyjwt
cssselect2==0.9.0
    # via weasyprint
ctranslate2==4.8.1
    # via faster-whisper
defusedxml==0.7.1
    # via -r backend/requirements.txt
distlib==0.4.3
    # via virtualenv
distro==1.9.0
    # via
    #   anthropic
    #   google-genai
    #   openai
easygui==0.98.3
    # via oletools
ebcdic==2.0.1
    # via extract-msg
ebooklib==0.18
    # via marker-pdf
einops==0.8.2
    # via surya-ocr
et-xmlfile==2.0.0
    # via openpyxl
extract-msg==0.56.1
    # via -r backend/requirements.txt
fastapi==0.115.6
    # via -r backend/requirements.txt
faster-whisper==1.2.1
    # via -r backend/requirements.txt
filelock==3.32.3
    # via
    #   huggingface-hub
    #   python-discovery
    #   torch
    #   transformers
    #   virtualenv
filetype==1.2.0
    # via
    #   marker-pdf
    #   surya-ocr
flatbuffers==25.12.19
    # via onnxruntime
fonttools==4.63.0
    # via weasyprint
fsspec==2026.7.0
    # via
    #   huggingface-hub
    #   torch
ftfy==6.3.1
    # via marker-pdf
google-auth==2.56.3
    # via google-genai
google-genai==1.75.0
    # via marker-pdf
greenlet==3.5.5 ; (python_full_version < '3.13' and platform_machine == 'AMD64') or (python_full_version < '3.13' and platform_machine == 'WIN32') or (python_full_version < '3.13' and platform_machine == 'aarch64') or (python_full_version < '3.13' and platform_machine == 'amd64') or (python_full_version < '3.13' and platform_machine == 'ppc64le') or (python_full_version < '3.13' and platform_machine == 'win32') or (python_full_version < '3.13' and platform_machine == 'x86_64')
    # via sqlalchemy
h11==0.16.0
    # via
    #   httpcore
    #   uvicorn
hf-xet==1.6.0 ; platform_machine == 'aarch64' or platform_machine == 'amd64' or platform_machine == 'arm64' or platform_machine == 'x86_64'
    # via huggingface-hub
httpcore==1.0.9
    # via httpx
httptools==0.8.0
    # via uvicorn
httpx==0.28.1
    # via
    #   -r backend/requirements.txt
    #   anthropic
    #   google-genai
    #   mcp
    #   openai
httpx-sse==0.4.3
    # via mcp
huggingface-hub==0.36.2
    # via
    #   faster-whisper
    #   tokenizers
    #   transformers
identify==2.6.19
    # via pre-commit
idna==3.18
    # via
    #   anyio
    #   httpx
    #   requests
jinja2==3.1.6
    # via torch
jiter==0.16.0
    # via
    #   anthropic
    #   openai
joblib==1.5.3
    # via scikit-learn
jsonschema==4.26.0
    # via mcp
jsonschema-specifications==2025.9.1
    # via jsonschema
lark==1.3.1
    # via rtfde
liteparse==2.1.1
    # via -r backend/requirements.txt
lxml==6.1.1
    # via
    #   ebooklib
    #   python-pptx
mako==1.4.1
    # via alembic
mammoth==1.12.1
    # via
    #   -r backend/requirements.txt
    #   marker-pdf
markdown2==2.5.5
    # via marker-pdf
markdownify==1.2.3
    # via
    #   -r backend/requirements.txt
    #   marker-pdf
marker-pdf==1.10.0
    # via -r backend/requirements.txt
markupsafe==3.0.3
    # via
    #   jinja2
    #   mako
mcp==1.27.2 ; python_full_version >= '3.14'
    # via -r backend/requirements.txt
mcp==1.29.0 ; python_full_version < '3.14'
    # via -r backend/requirements.txt
mpmath==1.3.0
    # via sympy
msoffcrypto-tool==6.0.0 ; (platform_python_implementation != 'PyPy' and sys_platform == 'darwin') or (platform_python_implementation != 'PyPy' and sys_platform == 'win32') or (sys_platform != 'darwin' and sys_platform != 'win32')
    # via oletools
narwhals==2.24.0
    # via scikit-learn
networkx==3.6.1
    # via torch
nodeenv==1.10.0
    # via pre-commit
numpy==2.4.6 ; python_full_version < '3.12'
    # via
    #   ctranslate2
    #   onnxruntime
    #   opencv-python-headless
    #   scikit-learn
    #   scipy
    #   torchvision
    #   transformers
numpy==2.5.2 ; python_full_version >= '3.12'
    # via
    #   ctranslate2
    #   onnxruntime
    #   opencv-python-headless
    #   scikit-learn
    #   scipy
    #   torchvision
    #   transformers
olefile==0.47
    # via
    #   extract-msg
    #   msoffcrypto-tool
    #   oletools
oletools==0.60.2
    # via
    #   pcodedmp
    #   rtfde
onnxruntime==1.28.0
    # via faster-whisper
openai==1.109.1
    # via marker-pdf
opencv-python-headless==4.11.0.86
    # via surya-ocr
openpyxl==3.1.5
    # via
    #   -r backend/requirements.txt
    #   marker-pdf
packaging==26.3
    # via
    #   huggingface-hub
    #   onnxruntime
    #   pytesseract
    #   transformers
pcodedmp==1.2.6
    # via oletools
pdftext==0.6.3
    # via marker-pdf
pillow==10.4.0
    # via
    #   marker-pdf
    #   pytesseract
    #   python-pptx
    #   surya-ocr
    #   torchvision
    #   weasyprint
platformdirs==4.11.3
    # via
    #   surya-ocr
    #   virtualenv
pre-commit==4.6.2
    # via
    #   marker-pdf
    #   surya-ocr
protobuf==7.35.1
    # via onnxruntime
pyasn1==0.6.4
    # via pyasn1-modules
pyasn1-modules==0.4.2
    # via google-auth
pycparser==3.0 ; implementation_name != 'PyPy'
    # via cffi
pydantic==2.13.4
    # via
    #   -r backend/requirements.txt
    #   anthropic
    #   fastapi
    #   google-genai
    #   marker-pdf
    #   mcp
    #   openai
    #   pdftext
    #   pydantic-settings
    #   surya-ocr
pydantic-core==2.46.4
    # via pydantic
pydantic-settings==2.7.1
    # via
    #   -r backend/requirements.txt
    #   marker-pdf
    #   mcp
    #   pdftext
    #   surya-ocr
pydyf==0.12.1
    # via weasyprint
pyjwt==2.13.0
    # via mcp
pyparsing==3.3.2
    # via oletools
pypdf==6.16.1
    # via -r backend/requirements.txt
pypdfium2==4.30.0
    # via
    #   pdftext
    #   surya-ocr
pyphen==0.18.1
    # via weasyprint
pytesseract==0.3.13
    # via -r backend/requirements.txt
python-discovery==1.5.2
    # via virtualenv
python-dotenv==1.0.1
    # via
    #   -r backend/requirements.txt
    #   marker-pdf
    #   pydantic-settings
    #   surya-ocr
    #   uvicorn
python-multipart==0.0.20
    # via
    #   -r backend/requirements.txt
    #   mcp
python-pptx==1.0.2
    # via
    #   -r backend/requirements.txt
    #   marker-pdf
pywin32==312 ; sys_platform == 'win32'
    # via mcp
pyyaml==6.0.3
    # via
    #   ctranslate2
    #   huggingface-hub
    #   pre-commit
    #   transformers
    #   uvicorn
rapidfuzz==3.14.5
    # via marker-pdf
red-black-tree-mod==1.22
    # via extract-msg
referencing==0.37.0
    # via
    #   jsonschema
    #   jsonschema-specifications
regex==2024.11.6
    # via
    #   marker-pdf
    #   transformers
requests==2.34.2
    # via
    #   google-auth
    #   google-genai
    #   huggingface-hub
    #   transformers
rpds-py==2026.6.3
    # via
    #   jsonschema
    #   referencing
rtfde==0.1.2.2
    # via extract-msg
safetensors==0.8.0
    # via transformers
scikit-learn==1.9.0
    # via marker-pdf
scipy==1.17.1 ; python_full_version < '3.12'
    # via scikit-learn
scipy==1.18.0 ; python_full_version >= '3.12'
    # via scikit-learn
setuptools==84.0.0
    # via
    #   ctranslate2
    #   torch
six==1.17.0
    # via
    #   ebooklib
    #   markdownify
sniffio==1.3.1
    # via
    #   anthropic
    #   google-genai
    #   openai
soupsieve==2.9.2
    # via beautifulsoup4
sqlalchemy==2.0.36
    # via
    #   -r backend/requirements.txt
    #   alembic
sse-starlette==2.2.1
    # via
    #   -r backend/requirements.txt
    #   mcp
starlette==0.41.3
    # via
    #   fastapi
    #   mcp
    #   sse-starlette
supervisor==4.3.0
    # via -r backend/requirements.txt
surya-ocr==0.17.1
    # via marker-pdf
sympy==1.14.0
    # via torch
tenacity==9.1.4
    # via google-genai
threadpoolctl==3.6.0
    # via scikit-learn
tinycss2==1.5.1
    # via
    #   cssselect2
    #   weasyprint
tinyhtml5==2.1.0
    # via weasyprint
tokenizers==0.22.2
    # via
    #   faster-whisper
    #   transformers
torch==2.7.0+cpu
    # via
    #   -r backend/requirements-cpu.txt
    #   marker-pdf
    #   surya-ocr
    #   torchvision
torchvision==0.22.0+cpu
    # via -r backend/requirements-cpu.txt
tqdm==4.70.0
    # via
    #   faster-whisper
    #   huggingface-hub
    #   marker-pdf
    #   openai
    #   transformers
transformers==4.57.6
    # via
    #   marker-pdf
    #   surya-ocr
typing-extensions==4.16.0
    # via
    #   aiosqlite
    #   alembic
    #   anthropic
    #   anyio
    #   beautifulsoup4
    #   fastapi
    #   google-genai
    #   huggingface-hub
    #   mcp
    #   openai
    #   pydantic
    #   pydantic-core
    #   python-pptx
    #   referencing
    #   sqlalchemy
    #   torch
    #   typing-inspection
typing-inspection==0.4.4
    # via
    #   mcp
    #   pydantic
tzdata==2026.3 ; sys_platform == 'win32'
    # via tzlocal
tzlocal==5.4.4
    # via extract-msg
urllib3==2.7.0
    # via requests
uvicorn==0.34.0
    # via
    #   -r backend/requirements.txt
    #   mcp
uvloop==0.22.1 ; platform_python_implementation != 'PyPy' and sys_platform != 'cygwin' and sys_platform != 'win32'
    # via uvicorn
virtualenv==21.7.4
    # via pre-commit
watchfiles==1.2.0
    # via uvicorn
wcwidth==0.8.2
    # via ftfy
weasyprint==63.1
    # via marker-pdf
webencodings==0.6.0
    # via
    #   cssselect2
    #   tinycss2
    #   tinyhtml5
websockets==16.1.1
    # via
    #   google-genai
    #   uvicorn
win-unicode-console==0.5 ; platform_python_implementation != 'PyPy' and sys_platform == 'win32'
    # via pcodedmp
xlrd==2.0.2
    # via -r backend/requirements.txt
xlsxwriter==3.2.9
    # via python-pptx
zopfli==0.4.3
    # via fonttools
